# THIS IS AN AUTOGENERATED FILE. DO NOT EDIT THIS FILE DIRECTLY.
# yarn lockfile v1


uikit@^3.0.3:
  version "3.0.3"
  resolved "https://registry.yarnpkg.com/uikit/-/uikit-3.0.3.tgz#ead1b0a152d2771d2684f60086766ccc50fa3450"
  integrity sha512-Z73TXlnfJCAXczg5mFCZSTwR0Ii1wW2fZumfIR8G1x1x4SyKHpkU0JCZDoIryYFMu1gSpvy5hZiXk3t4i5tTlw==
